
Microsoft Visual Studio Solution File, Format Version 12.00
# Visual Studio Version 16
VisualStudioVersion = 16.0.30804.86
MinimumVisualStudioVersion = 10.0.40219.1
Project("{FAE04EC0-301F-11D3-BF4B-00C04F79EFBC}") = "RadiusR BTK Log Scheduler Service", "RadiusR BTK Log Scheduler Service\RadiusR BTK Log Scheduler Service.csproj", "{465B8873-4984-4AD5-AABC-EDCA789EC456}"
EndProject
Project("{FAE04EC0-301F-11D3-BF4B-00C04F79EFBC}") = "RadiusR Scheduler", "RadiusR Scheduler\RadiusR Scheduler.csproj", "{081CBA60-E0A5-4999-B5DE-23606978488F}"
EndProject
Project("{FAE04EC0-301F-11D3-BF4B-00C04F79EFBC}") = "RadiusR.Address", "RadiusR.Address\RadiusR.Address.csproj", "{89499405-D1A5-4F80-B69B-001C165A4D32}"
EndProject
Project("{FAE04EC0-301F-11D3-BF4B-00C04F79EFBC}") = "RadiusR.Address.QueryInterface", "RadiusR.Address.QueryInterface\RadiusR.Address.QueryInterface.csproj", "{EE5AC945-3995-4632-A4D2-0261FAF25591}"
EndProject
Project("{FAE04EC0-301F-11D3-BF4B-00C04F79EFBC}") = "RadiusR.API.AddressQueryAdapter", "RadiusR.API.AddressQueryAdapter\RadiusR.API.AddressQueryAdapter.csproj", "{A92EB1F3-1813-44A7-A2ED-FCA18F1CD40E}"
EndProject
Project("{FAE04EC0-301F-11D3-BF4B-00C04F79EFBC}") = "RadiusR.API.MobilExpress.DBAdapter", "RadiusR.API.MobilExpress.DBAdapter\RadiusR.API.MobilExpress.DBAdapter.csproj", "{5547B2C6-BEF3-4FC2-A383-9A302C1F458B}"
EndProject
Project("{FAE04EC0-301F-11D3-BF4B-00C04F79EFBC}") = "RadiusR.BTKLogging", "RadiusR.BTKLogging\RadiusR.BTKLogging.csproj", "{38F0F595-F172-4FBF-B211-889AB96E07CF}"
EndProject
Project("{FAE04EC0-301F-11D3-BF4B-00C04F79EFBC}") = "RadiusR.DB", "RadiusR.DB\RadiusR.DB.csproj", "{1475B653-8EEF-42D3-AA5F-D811AABCA41C}"
EndProject
Project("{FAE04EC0-301F-11D3-BF4B-00C04F79EFBC}") = "RadiusR.DB.BTKLogging", "RadiusR.DB.BTKLogging\RadiusR.DB.BTKLogging.csproj", "{C89DEA5C-A101-40F9-B828-A16BEF5EF0E0}"
EndProject
Project("{FAE04EC0-301F-11D3-BF4B-00C04F79EFBC}") = "RadiusR.DB.DomainsCache", "RadiusR.DB.DomainsCache\RadiusR.DB.DomainsCache.csproj", "{83CCBCCF-9209-433E-A75E-D15DF6C5A9ED}"
EndProject
Project("{FAE04EC0-301F-11D3-BF4B-00C04F79EFBC}") = "RadiusR.DB.Localization", "RadiusR.DB.Localization\RadiusR.DB.Localization.csproj", "{C984A181-77B1-4BC8-BBE0-27300753AE9F}"
EndProject
Project("{FAE04EC0-301F-11D3-BF4B-00C04F79EFBC}") = "RadiusR.DB.TelekomOperations", "RadiusR.DB.TelekomOperations\RadiusR.DB.TelekomOperations.csproj", "{A03D29A9-5C16-4E2D-BDB0-625A301F6304}"
EndProject
Project("{FAE04EC0-301F-11D3-BF4B-00C04F79EFBC}") = "RadiusR.DB.Utilities", "RadiusR.DB.Utilities\RadiusR.DB.Utilities.csproj", "{67FE460B-C88F-466C-86C4-8D8EC860D777}"
EndProject
Project("{FAE04EC0-301F-11D3-BF4B-00C04F79EFBC}") = "RadiusR.DB.Utilities.ComplexOperations", "RadiusR.DB.Utilities.ComplexOperations\RadiusR.DB.Utilities.ComplexOperations.csproj", "{686BAF19-A0B2-4DC3-9AC5-9C995C127968}"
EndProject
Project("{FAE04EC0-301F-11D3-BF4B-00C04F79EFBC}") = "RadiusR.Files", "RadiusR.Files\RadiusR.Files.csproj", "{540063C2-C62D-4411-AFDD-11AD68CA36F9}"
EndProject
Project("{FAE04EC0-301F-11D3-BF4B-00C04F79EFBC}") = "RadiusR.Helpers", "RadiusR.Helpers\RadiusR.Helpers.csproj", "{47584A90-C40A-40AC-BD9E-1A2C6EEEA082}"
EndProject
Project("{FAE04EC0-301F-11D3-BF4B-00C04F79EFBC}") = "RadiusR.Localization", "RadiusR.Localization\RadiusR.Localization.csproj", "{C11AB331-2AC5-4F7E-8FD2-94715F266EC7}"
EndProject
Project("{FAE04EC0-301F-11D3-BF4B-00C04F79EFBC}") = "RadiusR_Manager.Models", "RadiusR.Models\RadiusR_Manager.Models.csproj", "{0B536EED-58DC-4E95-8CC2-67F2A9AA9FA9}"
EndProject
Project("{FAE04EC0-301F-11D3-BF4B-00C04F79EFBC}") = "RadiusR.OfflinePayment", "RadiusR.OfflinePayment\RadiusR.OfflinePayment.csproj", "{20554EBC-26FA-44FE-88CC-AF1A9545AE8E}"
EndProject
Project("{FAE04EC0-301F-11D3-BF4B-00C04F79EFBC}") = "RadiusR.OfflinePayment.TestUnit", "RadiusR.OfflinePayment.TestUnit\RadiusR.OfflinePayment.TestUnit.csproj", "{FE56D569-E443-48F7-A05A-9134F26AA2A5}"
EndProject
Project("{FAE04EC0-301F-11D3-BF4B-00C04F79EFBC}") = "RadiusR.PDFForms", "RadiusR.PDFForms\RadiusR.PDFForms.csproj", "{8E91D521-5C86-4627-96F2-EAD23E235730}"
EndProject
Project("{FAE04EC0-301F-11D3-BF4B-00C04F79EFBC}") = "RadiusR.Scheduler", "RadiusR.Scheduler\RadiusR.Scheduler.csproj", "{3FF52E24-F6D0-42F3-834B-9B4AEF04FDF2}"
EndProject
Project("{FAE04EC0-301F-11D3-BF4B-00C04F79EFBC}") = "RadiusR.Scheduler.SMS", "RadiusR.Scheduler.SMS\RadiusR.Scheduler.SMS.csproj", "{774B9617-4624-4CB2-9236-8E57F888796C}"
EndProject
Project("{FAE04EC0-301F-11D3-BF4B-00C04F79EFBC}") = "RadiusR.SMS", "RadiusR.SMS\RadiusR.SMS.csproj", "{158EF52E-9FAD-4F56-9726-E5FE91078ABE}"
EndProject
Project("{FAE04EC0-301F-11D3-BF4B-00C04F79EFBC}") = "RadiusR.SystemLogs", "RadiusR.SystemLogs\RadiusR.SystemLogs.csproj", "{77DB6F16-2D64-4C4A-AFBB-24109233A18D}"
EndProject
Project("{FAE04EC0-301F-11D3-BF4B-00C04F79EFBC}") = "RadiusR.Verimor", "RadiusR.Verimor\RadiusR.Verimor.csproj", "{C3AFA8EA-E342-442F-A232-E28CB6EA9FE7}"
EndProject
Project("{FAE04EC0-301F-11D3-BF4B-00C04F79EFBC}") = "RadiusR.VPOS", "RadiusR.VPOS\RadiusR.VPOS.csproj", "{2C1B2806-6087-4CB2-96BD-232F1B00887F}"
EndProject
Project("{FAE04EC0-301F-11D3-BF4B-00C04F79EFBC}") = "RadiusR-Manager", "RadiusR-Manager\RadiusR-Manager.csproj", "{54892EE6-CD46-400D-8F8F-E53366128DB2}"
EndProject
Project("{FAE04EC0-301F-11D3-BF4B-00C04F79EFBC}") = "RezaB.NetInvoice.RadiusRDBAdapter", "RezaB.NetInvoice.RadiusRDBAdapter\RezaB.NetInvoice.RadiusRDBAdapter.csproj", "{D4E02412-724B-49C8-9559-37CAD8C3BC2F}"
EndProject
Project("{FAE04EC0-301F-11D3-BF4B-00C04F79EFBC}") = "RadiusR Scheduler Test Suit", "RadiusR Scheduler Test Suit\RadiusR Scheduler Test Suit.csproj", "{8D01CA9A-C99A-4F69-8266-D50E0E752FFC}"
EndProject
Project("{FAE04EC0-301F-11D3-BF4B-00C04F79EFBC}") = "RadiusR.Localization.Lists", "RadiusR.Localization.Lists\RadiusR.Localization.Lists.csproj", "{E1BAE2FA-AE42-447B-8087-EAE20E6E697C}"
EndProject
Project("{FAE04EC0-301F-11D3-BF4B-00C04F79EFBC}") = "RadiusR.FileManagement", "RadiusR.FileManagement\RadiusR.FileManagement.csproj", "{E287DFAB-1682-4FB3-BCA3-E689F7F8CB11}"
EndProject
Project("{FAE04EC0-301F-11D3-BF4B-00C04F79EFBC}") = "RadiusR.FileManagement.TestUnit", "RadiusR.FileManagement.TestUnit\RadiusR.FileManagement.TestUnit.csproj", "{FAF31669-7169-41F6-AF4A-9BAE7F631348}"
EndProject
Global
	GlobalSection(SolutionConfigurationPlatforms) = preSolution
		Debug|Any CPU = Debug|Any CPU
		Debug|x64 = Debug|x64
		Release|Any CPU = Release|Any CPU
		Release|x64 = Release|x64
	EndGlobalSection
	GlobalSection(ProjectConfigurationPlatforms) = postSolution
		{465B8873-4984-4AD5-AABC-EDCA789EC456}.Debug|Any CPU.ActiveCfg = Debug|Any CPU
		{465B8873-4984-4AD5-AABC-EDCA789EC456}.Debug|Any CPU.Build.0 = Debug|Any CPU
		{465B8873-4984-4AD5-AABC-EDCA789EC456}.Debug|x64.ActiveCfg = Debug|Any CPU
		{465B8873-4984-4AD5-AABC-EDCA789EC456}.Debug|x64.Build.0 = Debug|Any CPU
		{465B8873-4984-4AD5-AABC-EDCA789EC456}.Release|Any CPU.ActiveCfg = Release|Any CPU
		{465B8873-4984-4AD5-AABC-EDCA789EC456}.Release|Any CPU.Build.0 = Release|Any CPU
		{465B8873-4984-4AD5-AABC-EDCA789EC456}.Release|x64.ActiveCfg = Release|Any CPU
		{465B8873-4984-4AD5-AABC-EDCA789EC456}.Release|x64.Build.0 = Release|Any CPU
		{081CBA60-E0A5-4999-B5DE-23606978488F}.Debug|Any CPU.ActiveCfg = Debug|Any CPU
		{081CBA60-E0A5-4999-B5DE-23606978488F}.Debug|Any CPU.Build.0 = Debug|Any CPU
		{081CBA60-E0A5-4999-B5DE-23606978488F}.Debug|x64.ActiveCfg = Debug|Any CPU
		{081CBA60-E0A5-4999-B5DE-23606978488F}.Debug|x64.Build.0 = Debug|Any CPU
		{081CBA60-E0A5-4999-B5DE-23606978488F}.Release|Any CPU.ActiveCfg = Release|Any CPU
		{081CBA60-E0A5-4999-B5DE-23606978488F}.Release|Any CPU.Build.0 = Release|Any CPU
		{081CBA60-E0A5-4999-B5DE-23606978488F}.Release|x64.ActiveCfg = Release|Any CPU
		{081CBA60-E0A5-4999-B5DE-23606978488F}.Release|x64.Build.0 = Release|Any CPU
		{89499405-D1A5-4F80-B69B-001C165A4D32}.Debug|Any CPU.ActiveCfg = Debug|Any CPU
		{89499405-D1A5-4F80-B69B-001C165A4D32}.Debug|Any CPU.Build.0 = Debug|Any CPU
		{89499405-D1A5-4F80-B69B-001C165A4D32}.Debug|x64.ActiveCfg = Debug|Any CPU
		{89499405-D1A5-4F80-B69B-001C165A4D32}.Debug|x64.Build.0 = Debug|Any CPU
		{89499405-D1A5-4F80-B69B-001C165A4D32}.Release|Any CPU.ActiveCfg = Release|Any CPU
		{89499405-D1A5-4F80-B69B-001C165A4D32}.Release|Any CPU.Build.0 = Release|Any CPU
		{89499405-D1A5-4F80-B69B-001C165A4D32}.Release|x64.ActiveCfg = Release|Any CPU
		{89499405-D1A5-4F80-B69B-001C165A4D32}.Release|x64.Build.0 = Release|Any CPU
		{EE5AC945-3995-4632-A4D2-0261FAF25591}.Debug|Any CPU.ActiveCfg = Debug|Any CPU
		{EE5AC945-3995-4632-A4D2-0261FAF25591}.Debug|Any CPU.Build.0 = Debug|Any CPU
		{EE5AC945-3995-4632-A4D2-0261FAF25591}.Debug|x64.ActiveCfg = Debug|Any CPU
		{EE5AC945-3995-4632-A4D2-0261FAF25591}.Debug|x64.Build.0 = Debug|Any CPU
		{EE5AC945-3995-4632-A4D2-0261FAF25591}.Release|Any CPU.ActiveCfg = Release|Any CPU
		{EE5AC945-3995-4632-A4D2-0261FAF25591}.Release|Any CPU.Build.0 = Release|Any CPU
		{EE5AC945-3995-4632-A4D2-0261FAF25591}.Release|x64.ActiveCfg = Release|Any CPU
		{EE5AC945-3995-4632-A4D2-0261FAF25591}.Release|x64.Build.0 = Release|Any CPU
		{A92EB1F3-1813-44A7-A2ED-FCA18F1CD40E}.Debug|Any CPU.ActiveCfg = Debug|Any CPU
		{A92EB1F3-1813-44A7-A2ED-FCA18F1CD40E}.Debug|Any CPU.Build.0 = Debug|Any CPU
		{A92EB1F3-1813-44A7-A2ED-FCA18F1CD40E}.Debug|x64.ActiveCfg = Debug|Any CPU
		{A92EB1F3-1813-44A7-A2ED-FCA18F1CD40E}.Debug|x64.Build.0 = Debug|Any CPU
		{A92EB1F3-1813-44A7-A2ED-FCA18F1CD40E}.Release|Any CPU.ActiveCfg = Release|Any CPU
		{A92EB1F3-1813-44A7-A2ED-FCA18F1CD40E}.Release|Any CPU.Build.0 = Release|Any CPU
		{A92EB1F3-1813-44A7-A2ED-FCA18F1CD40E}.Release|x64.ActiveCfg = Release|Any CPU
		{A92EB1F3-1813-44A7-A2ED-FCA18F1CD40E}.Release|x64.Build.0 = Release|Any CPU
		{5547B2C6-BEF3-4FC2-A383-9A302C1F458B}.Debug|Any CPU.ActiveCfg = Debug|Any CPU
		{5547B2C6-BEF3-4FC2-A383-9A302C1F458B}.Debug|Any CPU.Build.0 = Debug|Any CPU
		{5547B2C6-BEF3-4FC2-A383-9A302C1F458B}.Debug|x64.ActiveCfg = Debug|Any CPU
		{5547B2C6-BEF3-4FC2-A383-9A302C1F458B}.Debug|x64.Build.0 = Debug|Any CPU
		{5547B2C6-BEF3-4FC2-A383-9A302C1F458B}.Release|Any CPU.ActiveCfg = Release|Any CPU
		{5547B2C6-BEF3-4FC2-A383-9A302C1F458B}.Release|Any CPU.Build.0 = Release|Any CPU
		{5547B2C6-BEF3-4FC2-A383-9A302C1F458B}.Release|x64.ActiveCfg = Release|Any CPU
		{5547B2C6-BEF3-4FC2-A383-9A302C1F458B}.Release|x64.Build.0 = Release|Any CPU
		{38F0F595-F172-4FBF-B211-889AB96E07CF}.Debug|Any CPU.ActiveCfg = Debug|Any CPU
		{38F0F595-F172-4FBF-B211-889AB96E07CF}.Debug|Any CPU.Build.0 = Debug|Any CPU
		{38F0F595-F172-4FBF-B211-889AB96E07CF}.Debug|x64.ActiveCfg = Debug|Any CPU
		{38F0F595-F172-4FBF-B211-889AB96E07CF}.Debug|x64.Build.0 = Debug|Any CPU
		{38F0F595-F172-4FBF-B211-889AB96E07CF}.Release|Any CPU.ActiveCfg = Release|Any CPU
		{38F0F595-F172-4FBF-B211-889AB96E07CF}.Release|Any CPU.Build.0 = Release|Any CPU
		{38F0F595-F172-4FBF-B211-889AB96E07CF}.Release|x64.ActiveCfg = Release|Any CPU
		{38F0F595-F172-4FBF-B211-889AB96E07CF}.Release|x64.Build.0 = Release|Any CPU
		{1475B653-8EEF-42D3-AA5F-D811AABCA41C}.Debug|Any CPU.ActiveCfg = Debug|Any CPU
		{1475B653-8EEF-42D3-AA5F-D811AABCA41C}.Debug|Any CPU.Build.0 = Debug|Any CPU
		{1475B653-8EEF-42D3-AA5F-D811AABCA41C}.Debug|x64.ActiveCfg = Debug|Any CPU
		{1475B653-8EEF-42D3-AA5F-D811AABCA41C}.Debug|x64.Build.0 = Debug|Any CPU
		{1475B653-8EEF-42D3-AA5F-D811AABCA41C}.Release|Any CPU.ActiveCfg = Release|Any CPU
		{1475B653-8EEF-42D3-AA5F-D811AABCA41C}.Release|Any CPU.Build.0 = Release|Any CPU
		{1475B653-8EEF-42D3-AA5F-D811AABCA41C}.Release|x64.ActiveCfg = Release|Any CPU
		{1475B653-8EEF-42D3-AA5F-D811AABCA41C}.Release|x64.Build.0 = Release|Any CPU
		{C89DEA5C-A101-40F9-B828-A16BEF5EF0E0}.Debug|Any CPU.ActiveCfg = Debug|Any CPU
		{C89DEA5C-A101-40F9-B828-A16BEF5EF0E0}.Debug|Any CPU.Build.0 = Debug|Any CPU
		{C89DEA5C-A101-40F9-B828-A16BEF5EF0E0}.Debug|x64.ActiveCfg = Debug|Any CPU
		{C89DEA5C-A101-40F9-B828-A16BEF5EF0E0}.Debug|x64.Build.0 = Debug|Any CPU
		{C89DEA5C-A101-40F9-B828-A16BEF5EF0E0}.Release|Any CPU.ActiveCfg = Release|Any CPU
		{C89DEA5C-A101-40F9-B828-A16BEF5EF0E0}.Release|Any CPU.Build.0 = Release|Any CPU
		{C89DEA5C-A101-40F9-B828-A16BEF5EF0E0}.Release|x64.ActiveCfg = Release|Any CPU
		{C89DEA5C-A101-40F9-B828-A16BEF5EF0E0}.Release|x64.Build.0 = Release|Any CPU
		{83CCBCCF-9209-433E-A75E-D15DF6C5A9ED}.Debug|Any CPU.ActiveCfg = Debug|Any CPU
		{83CCBCCF-9209-433E-A75E-D15DF6C5A9ED}.Debug|Any CPU.Build.0 = Debug|Any CPU
		{83CCBCCF-9209-433E-A75E-D15DF6C5A9ED}.Debug|x64.ActiveCfg = Debug|Any CPU
		{83CCBCCF-9209-433E-A75E-D15DF6C5A9ED}.Debug|x64.Build.0 = Debug|Any CPU
		{83CCBCCF-9209-433E-A75E-D15DF6C5A9ED}.Release|Any CPU.ActiveCfg = Release|Any CPU
		{83CCBCCF-9209-433E-A75E-D15DF6C5A9ED}.Release|Any CPU.Build.0 = Release|Any CPU
		{83CCBCCF-9209-433E-A75E-D15DF6C5A9ED}.Release|x64.ActiveCfg = Release|Any CPU
		{83CCBCCF-9209-433E-A75E-D15DF6C5A9ED}.Release|x64.Build.0 = Release|Any CPU
		{C984A181-77B1-4BC8-BBE0-27300753AE9F}.Debug|Any CPU.ActiveCfg = Debug|Any CPU
		{C984A181-77B1-4BC8-BBE0-27300753AE9F}.Debug|Any CPU.Build.0 = Debug|Any CPU
		{C984A181-77B1-4BC8-BBE0-27300753AE9F}.Debug|x64.ActiveCfg = Debug|Any CPU
		{C984A181-77B1-4BC8-BBE0-27300753AE9F}.Debug|x64.Build.0 = Debug|Any CPU
		{C984A181-77B1-4BC8-BBE0-27300753AE9F}.Release|Any CPU.ActiveCfg = Release|Any CPU
		{C984A181-77B1-4BC8-BBE0-27300753AE9F}.Release|Any CPU.Build.0 = Release|Any CPU
		{C984A181-77B1-4BC8-BBE0-27300753AE9F}.Release|x64.ActiveCfg = Release|Any CPU
		{C984A181-77B1-4BC8-BBE0-27300753AE9F}.Release|x64.Build.0 = Release|Any CPU
		{A03D29A9-5C16-4E2D-BDB0-625A301F6304}.Debug|Any CPU.ActiveCfg = Debug|Any CPU
		{A03D29A9-5C16-4E2D-BDB0-625A301F6304}.Debug|Any CPU.Build.0 = Debug|Any CPU
		{A03D29A9-5C16-4E2D-BDB0-625A301F6304}.Debug|x64.ActiveCfg = Debug|Any CPU
		{A03D29A9-5C16-4E2D-BDB0-625A301F6304}.Debug|x64.Build.0 = Debug|Any CPU
		{A03D29A9-5C16-4E2D-BDB0-625A301F6304}.Release|Any CPU.ActiveCfg = Release|Any CPU
		{A03D29A9-5C16-4E2D-BDB0-625A301F6304}.Release|Any CPU.Build.0 = Release|Any CPU
		{A03D29A9-5C16-4E2D-BDB0-625A301F6304}.Release|x64.ActiveCfg = Release|Any CPU
		{A03D29A9-5C16-4E2D-BDB0-625A301F6304}.Release|x64.Build.0 = Release|Any CPU
		{67FE460B-C88F-466C-86C4-8D8EC860D777}.Debug|Any CPU.ActiveCfg = Debug|Any CPU
		{67FE460B-C88F-466C-86C4-8D8EC860D777}.Debug|Any CPU.Build.0 = Debug|Any CPU
		{67FE460B-C88F-466C-86C4-8D8EC860D777}.Debug|x64.ActiveCfg = Debug|Any CPU
		{67FE460B-C88F-466C-86C4-8D8EC860D777}.Debug|x64.Build.0 = Debug|Any CPU
		{67FE460B-C88F-466C-86C4-8D8EC860D777}.Release|Any CPU.ActiveCfg = Release|Any CPU
		{67FE460B-C88F-466C-86C4-8D8EC860D777}.Release|Any CPU.Build.0 = Release|Any CPU
		{67FE460B-C88F-466C-86C4-8D8EC860D777}.Release|x64.ActiveCfg = Release|Any CPU
		{67FE460B-C88F-466C-86C4-8D8EC860D777}.Release|x64.Build.0 = Release|Any CPU
		{686BAF19-A0B2-4DC3-9AC5-9C995C127968}.Debug|Any CPU.ActiveCfg = Debug|Any CPU
		{686BAF19-A0B2-4DC3-9AC5-9C995C127968}.Debug|Any CPU.Build.0 = Debug|Any CPU
		{686BAF19-A0B2-4DC3-9AC5-9C995C127968}.Debug|x64.ActiveCfg = Debug|Any CPU
		{686BAF19-A0B2-4DC3-9AC5-9C995C127968}.Debug|x64.Build.0 = Debug|Any CPU
		{686BAF19-A0B2-4DC3-9AC5-9C995C127968}.Release|Any CPU.ActiveCfg = Release|Any CPU
		{686BAF19-A0B2-4DC3-9AC5-9C995C127968}.Release|Any CPU.Build.0 = Release|Any CPU
		{686BAF19-A0B2-4DC3-9AC5-9C995C127968}.Release|x64.ActiveCfg = Release|Any CPU
		{686BAF19-A0B2-4DC3-9AC5-9C995C127968}.Release|x64.Build.0 = Release|Any CPU
		{540063C2-C62D-4411-AFDD-11AD68CA36F9}.Debug|Any CPU.ActiveCfg = Debug|Any CPU
		{540063C2-C62D-4411-AFDD-11AD68CA36F9}.Debug|Any CPU.Build.0 = Debug|Any CPU
		{540063C2-C62D-4411-AFDD-11AD68CA36F9}.Debug|x64.ActiveCfg = Debug|Any CPU
		{540063C2-C62D-4411-AFDD-11AD68CA36F9}.Debug|x64.Build.0 = Debug|Any CPU
		{540063C2-C62D-4411-AFDD-11AD68CA36F9}.Release|Any CPU.ActiveCfg = Release|Any CPU
		{540063C2-C62D-4411-AFDD-11AD68CA36F9}.Release|Any CPU.Build.0 = Release|Any CPU
		{540063C2-C62D-4411-AFDD-11AD68CA36F9}.Release|x64.ActiveCfg = Release|Any CPU
		{540063C2-C62D-4411-AFDD-11AD68CA36F9}.Release|x64.Build.0 = Release|Any CPU
		{47584A90-C40A-40AC-BD9E-1A2C6EEEA082}.Debug|Any CPU.ActiveCfg = Debug|Any CPU
		{47584A90-C40A-40AC-BD9E-1A2C6EEEA082}.Debug|Any CPU.Build.0 = Debug|Any CPU
		{47584A90-C40A-40AC-BD9E-1A2C6EEEA082}.Debug|x64.ActiveCfg = Debug|Any CPU
		{47584A90-C40A-40AC-BD9E-1A2C6EEEA082}.Debug|x64.Build.0 = Debug|Any CPU
		{47584A90-C40A-40AC-BD9E-1A2C6EEEA082}.Release|Any CPU.ActiveCfg = Release|Any CPU
		{47584A90-C40A-40AC-BD9E-1A2C6EEEA082}.Release|Any CPU.Build.0 = Release|Any CPU
		{47584A90-C40A-40AC-BD9E-1A2C6EEEA082}.Release|x64.ActiveCfg = Release|Any CPU
		{47584A90-C40A-40AC-BD9E-1A2C6EEEA082}.Release|x64.Build.0 = Release|Any CPU
		{C11AB331-2AC5-4F7E-8FD2-94715F266EC7}.Debug|Any CPU.ActiveCfg = Debug|Any CPU
		{C11AB331-2AC5-4F7E-8FD2-94715F266EC7}.Debug|Any CPU.Build.0 = Debug|Any CPU
		{C11AB331-2AC5-4F7E-8FD2-94715F266EC7}.Debug|x64.ActiveCfg = Debug|Any CPU
		{C11AB331-2AC5-4F7E-8FD2-94715F266EC7}.Debug|x64.Build.0 = Debug|Any CPU
		{C11AB331-2AC5-4F7E-8FD2-94715F266EC7}.Release|Any CPU.ActiveCfg = Release|Any CPU
		{C11AB331-2AC5-4F7E-8FD2-94715F266EC7}.Release|Any CPU.Build.0 = Release|Any CPU
		{C11AB331-2AC5-4F7E-8FD2-94715F266EC7}.Release|x64.ActiveCfg = Release|Any CPU
		{C11AB331-2AC5-4F7E-8FD2-94715F266EC7}.Release|x64.Build.0 = Release|Any CPU
		{0B536EED-58DC-4E95-8CC2-67F2A9AA9FA9}.Debug|Any CPU.ActiveCfg = Debug|Any CPU
		{0B536EED-58DC-4E95-8CC2-67F2A9AA9FA9}.Debug|Any CPU.Build.0 = Debug|Any CPU
		{0B536EED-58DC-4E95-8CC2-67F2A9AA9FA9}.Debug|x64.ActiveCfg = Debug|Any CPU
		{0B536EED-58DC-4E95-8CC2-67F2A9AA9FA9}.Debug|x64.Build.0 = Debug|Any CPU
		{0B536EED-58DC-4E95-8CC2-67F2A9AA9FA9}.Release|Any CPU.ActiveCfg = Release|Any CPU
		{0B536EED-58DC-4E95-8CC2-67F2A9AA9FA9}.Release|Any CPU.Build.0 = Release|Any CPU
		{0B536EED-58DC-4E95-8CC2-67F2A9AA9FA9}.Release|x64.ActiveCfg = Release|Any CPU
		{0B536EED-58DC-4E95-8CC2-67F2A9AA9FA9}.Release|x64.Build.0 = Release|Any CPU
		{20554EBC-26FA-44FE-88CC-AF1A9545AE8E}.Debug|Any CPU.ActiveCfg = Debug|Any CPU
		{20554EBC-26FA-44FE-88CC-AF1A9545AE8E}.Debug|Any CPU.Build.0 = Debug|Any CPU
		{20554EBC-26FA-44FE-88CC-AF1A9545AE8E}.Debug|x64.ActiveCfg = Debug|Any CPU
		{20554EBC-26FA-44FE-88CC-AF1A9545AE8E}.Debug|x64.Build.0 = Debug|Any CPU
		{20554EBC-26FA-44FE-88CC-AF1A9545AE8E}.Release|Any CPU.ActiveCfg = Release|Any CPU
		{20554EBC-26FA-44FE-88CC-AF1A9545AE8E}.Release|Any CPU.Build.0 = Release|Any CPU
		{20554EBC-26FA-44FE-88CC-AF1A9545AE8E}.Release|x64.ActiveCfg = Release|Any CPU
		{20554EBC-26FA-44FE-88CC-AF1A9545AE8E}.Release|x64.Build.0 = Release|Any CPU
		{FE56D569-E443-48F7-A05A-9134F26AA2A5}.Debug|Any CPU.ActiveCfg = Debug|Any CPU
		{FE56D569-E443-48F7-A05A-9134F26AA2A5}.Debug|Any CPU.Build.0 = Debug|Any CPU
		{FE56D569-E443-48F7-A05A-9134F26AA2A5}.Debug|x64.ActiveCfg = Debug|Any CPU
		{FE56D569-E443-48F7-A05A-9134F26AA2A5}.Debug|x64.Build.0 = Debug|Any CPU
		{FE56D569-E443-48F7-A05A-9134F26AA2A5}.Release|Any CPU.ActiveCfg = Release|Any CPU
		{FE56D569-E443-48F7-A05A-9134F26AA2A5}.Release|Any CPU.Build.0 = Release|Any CPU
		{FE56D569-E443-48F7-A05A-9134F26AA2A5}.Release|x64.ActiveCfg = Release|Any CPU
		{FE56D569-E443-48F7-A05A-9134F26AA2A5}.Release|x64.Build.0 = Release|Any CPU
		{8E91D521-5C86-4627-96F2-EAD23E235730}.Debug|Any CPU.ActiveCfg = Debug|Any CPU
		{8E91D521-5C86-4627-96F2-EAD23E235730}.Debug|Any CPU.Build.0 = Debug|Any CPU
		{8E91D521-5C86-4627-96F2-EAD23E235730}.Debug|x64.ActiveCfg = Debug|Any CPU
		{8E91D521-5C86-4627-96F2-EAD23E235730}.Debug|x64.Build.0 = Debug|Any CPU
		{8E91D521-5C86-4627-96F2-EAD23E235730}.Release|Any CPU.ActiveCfg = Release|Any CPU
		{8E91D521-5C86-4627-96F2-EAD23E235730}.Release|Any CPU.Build.0 = Release|Any CPU
		{8E91D521-5C86-4627-96F2-EAD23E235730}.Release|x64.ActiveCfg = Release|Any CPU
		{8E91D521-5C86-4627-96F2-EAD23E235730}.Release|x64.Build.0 = Release|Any CPU
		{3FF52E24-F6D0-42F3-834B-9B4AEF04FDF2}.Debug|Any CPU.ActiveCfg = Debug|Any CPU
		{3FF52E24-F6D0-42F3-834B-9B4AEF04FDF2}.Debug|Any CPU.Build.0 = Debug|Any CPU
		{3FF52E24-F6D0-42F3-834B-9B4AEF04FDF2}.Debug|x64.ActiveCfg = Debug|Any CPU
		{3FF52E24-F6D0-42F3-834B-9B4AEF04FDF2}.Debug|x64.Build.0 = Debug|Any CPU
		{3FF52E24-F6D0-42F3-834B-9B4AEF04FDF2}.Release|Any CPU.ActiveCfg = Release|Any CPU
		{3FF52E24-F6D0-42F3-834B-9B4AEF04FDF2}.Release|Any CPU.Build.0 = Release|Any CPU
		{3FF52E24-F6D0-42F3-834B-9B4AEF04FDF2}.Release|x64.ActiveCfg = Release|Any CPU
		{3FF52E24-F6D0-42F3-834B-9B4AEF04FDF2}.Release|x64.Build.0 = Release|Any CPU
		{774B9617-4624-4CB2-9236-8E57F888796C}.Debug|Any CPU.ActiveCfg = Debug|Any CPU
		{774B9617-4624-4CB2-9236-8E57F888796C}.Debug|Any CPU.Build.0 = Debug|Any CPU
		{774B9617-4624-4CB2-9236-8E57F888796C}.Debug|x64.ActiveCfg = Debug|Any CPU
		{774B9617-4624-4CB2-9236-8E57F888796C}.Debug|x64.Build.0 = Debug|Any CPU
		{774B9617-4624-4CB2-9236-8E57F888796C}.Release|Any CPU.ActiveCfg = Release|Any CPU
		{774B9617-4624-4CB2-9236-8E57F888796C}.Release|Any CPU.Build.0 = Release|Any CPU
		{774B9617-4624-4CB2-9236-8E57F888796C}.Release|x64.ActiveCfg = Release|Any CPU
		{774B9617-4624-4CB2-9236-8E57F888796C}.Release|x64.Build.0 = Release|Any CPU
		{158EF52E-9FAD-4F56-9726-E5FE91078ABE}.Debug|Any CPU.ActiveCfg = Debug|Any CPU
		{158EF52E-9FAD-4F56-9726-E5FE91078ABE}.Debug|Any CPU.Build.0 = Debug|Any CPU
		{158EF52E-9FAD-4F56-9726-E5FE91078ABE}.Debug|x64.ActiveCfg = Debug|Any CPU
		{158EF52E-9FAD-4F56-9726-E5FE91078ABE}.Debug|x64.Build.0 = Debug|Any CPU
		{158EF52E-9FAD-4F56-9726-E5FE91078ABE}.Release|Any CPU.ActiveCfg = Release|Any CPU
		{158EF52E-9FAD-4F56-9726-E5FE91078ABE}.Release|Any CPU.Build.0 = Release|Any CPU
		{158EF52E-9FAD-4F56-9726-E5FE91078ABE}.Release|x64.ActiveCfg = Release|Any CPU
		{158EF52E-9FAD-4F56-9726-E5FE91078ABE}.Release|x64.Build.0 = Release|Any CPU
		{77DB6F16-2D64-4C4A-AFBB-24109233A18D}.Debug|Any CPU.ActiveCfg = Debug|Any CPU
		{77DB6F16-2D64-4C4A-AFBB-24109233A18D}.Debug|Any CPU.Build.0 = Debug|Any CPU
		{77DB6F16-2D64-4C4A-AFBB-24109233A18D}.Debug|x64.ActiveCfg = Debug|Any CPU
		{77DB6F16-2D64-4C4A-AFBB-24109233A18D}.Debug|x64.Build.0 = Debug|Any CPU
		{77DB6F16-2D64-4C4A-AFBB-24109233A18D}.Release|Any CPU.ActiveCfg = Release|Any CPU
		{77DB6F16-2D64-4C4A-AFBB-24109233A18D}.Release|Any CPU.Build.0 = Release|Any CPU
		{77DB6F16-2D64-4C4A-AFBB-24109233A18D}.Release|x64.ActiveCfg = Release|Any CPU
		{77DB6F16-2D64-4C4A-AFBB-24109233A18D}.Release|x64.Build.0 = Release|Any CPU
		{C3AFA8EA-E342-442F-A232-E28CB6EA9FE7}.Debug|Any CPU.ActiveCfg = Debug|Any CPU
		{C3AFA8EA-E342-442F-A232-E28CB6EA9FE7}.Debug|Any CPU.Build.0 = Debug|Any CPU
		{C3AFA8EA-E342-442F-A232-E28CB6EA9FE7}.Debug|x64.ActiveCfg = Debug|Any CPU
		{C3AFA8EA-E342-442F-A232-E28CB6EA9FE7}.Debug|x64.Build.0 = Debug|Any CPU
		{C3AFA8EA-E342-442F-A232-E28CB6EA9FE7}.Release|Any CPU.ActiveCfg = Release|Any CPU
		{C3AFA8EA-E342-442F-A232-E28CB6EA9FE7}.Release|Any CPU.Build.0 = Release|Any CPU
		{C3AFA8EA-E342-442F-A232-E28CB6EA9FE7}.Release|x64.ActiveCfg = Release|Any CPU
		{C3AFA8EA-E342-442F-A232-E28CB6EA9FE7}.Release|x64.Build.0 = Release|Any CPU
		{2C1B2806-6087-4CB2-96BD-232F1B00887F}.Debug|Any CPU.ActiveCfg = Debug|Any CPU
		{2C1B2806-6087-4CB2-96BD-232F1B00887F}.Debug|Any CPU.Build.0 = Debug|Any CPU
		{2C1B2806-6087-4CB2-96BD-232F1B00887F}.Debug|x64.ActiveCfg = Debug|Any CPU
		{2C1B2806-6087-4CB2-96BD-232F1B00887F}.Debug|x64.Build.0 = Debug|Any CPU
		{2C1B2806-6087-4CB2-96BD-232F1B00887F}.Release|Any CPU.ActiveCfg = Release|Any CPU
		{2C1B2806-6087-4CB2-96BD-232F1B00887F}.Release|Any CPU.Build.0 = Release|Any CPU
		{2C1B2806-6087-4CB2-96BD-232F1B00887F}.Release|x64.ActiveCfg = Release|Any CPU
		{2C1B2806-6087-4CB2-96BD-232F1B00887F}.Release|x64.Build.0 = Release|Any CPU
		{54892EE6-CD46-400D-8F8F-E53366128DB2}.Debug|Any CPU.ActiveCfg = Debug|Any CPU
		{54892EE6-CD46-400D-8F8F-E53366128DB2}.Debug|Any CPU.Build.0 = Debug|Any CPU
		{54892EE6-CD46-400D-8F8F-E53366128DB2}.Debug|x64.ActiveCfg = Debug|Any CPU
		{54892EE6-CD46-400D-8F8F-E53366128DB2}.Debug|x64.Build.0 = Debug|Any CPU
		{54892EE6-CD46-400D-8F8F-E53366128DB2}.Release|Any CPU.ActiveCfg = Release|Any CPU
		{54892EE6-CD46-400D-8F8F-E53366128DB2}.Release|Any CPU.Build.0 = Release|Any CPU
		{54892EE6-CD46-400D-8F8F-E53366128DB2}.Release|x64.ActiveCfg = Release|Any CPU
		{54892EE6-CD46-400D-8F8F-E53366128DB2}.Release|x64.Build.0 = Release|Any CPU
		{D4E02412-724B-49C8-9559-37CAD8C3BC2F}.Debug|Any CPU.ActiveCfg = Debug|Any CPU
		{D4E02412-724B-49C8-9559-37CAD8C3BC2F}.Debug|Any CPU.Build.0 = Debug|Any CPU
		{D4E02412-724B-49C8-9559-37CAD8C3BC2F}.Debug|x64.ActiveCfg = Debug|Any CPU
		{D4E02412-724B-49C8-9559-37CAD8C3BC2F}.Debug|x64.Build.0 = Debug|Any CPU
		{D4E02412-724B-49C8-9559-37CAD8C3BC2F}.Release|Any CPU.ActiveCfg = Release|Any CPU
		{D4E02412-724B-49C8-9559-37CAD8C3BC2F}.Release|Any CPU.Build.0 = Release|Any CPU
		{D4E02412-724B-49C8-9559-37CAD8C3BC2F}.Release|x64.ActiveCfg = Release|Any CPU
		{D4E02412-724B-49C8-9559-37CAD8C3BC2F}.Release|x64.Build.0 = Release|Any CPU
		{8D01CA9A-C99A-4F69-8266-D50E0E752FFC}.Debug|Any CPU.ActiveCfg = Debug|Any CPU
		{8D01CA9A-C99A-4F69-8266-D50E0E752FFC}.Debug|Any CPU.Build.0 = Debug|Any CPU
		{8D01CA9A-C99A-4F69-8266-D50E0E752FFC}.Debug|x64.ActiveCfg = Debug|x64
		{8D01CA9A-C99A-4F69-8266-D50E0E752FFC}.Debug|x64.Build.0 = Debug|x64
		{8D01CA9A-C99A-4F69-8266-D50E0E752FFC}.Release|Any CPU.ActiveCfg = Release|Any CPU
		{8D01CA9A-C99A-4F69-8266-D50E0E752FFC}.Release|Any CPU.Build.0 = Release|Any CPU
		{8D01CA9A-C99A-4F69-8266-D50E0E752FFC}.Release|x64.ActiveCfg = Release|x64
		{8D01CA9A-C99A-4F69-8266-D50E0E752FFC}.Release|x64.Build.0 = Release|x64
		{E1BAE2FA-AE42-447B-8087-EAE20E6E697C}.Debug|Any CPU.ActiveCfg = Debug|Any CPU
		{E1BAE2FA-AE42-447B-8087-EAE20E6E697C}.Debug|Any CPU.Build.0 = Debug|Any CPU
		{E1BAE2FA-AE42-447B-8087-EAE20E6E697C}.Debug|x64.ActiveCfg = Debug|Any CPU
		{E1BAE2FA-AE42-447B-8087-EAE20E6E697C}.Debug|x64.Build.0 = Debug|Any CPU
		{E1BAE2FA-AE42-447B-8087-EAE20E6E697C}.Release|Any CPU.ActiveCfg = Release|Any CPU
		{E1BAE2FA-AE42-447B-8087-EAE20E6E697C}.Release|Any CPU.Build.0 = Release|Any CPU
		{E1BAE2FA-AE42-447B-8087-EAE20E6E697C}.Release|x64.ActiveCfg = Release|Any CPU
		{E1BAE2FA-AE42-447B-8087-EAE20E6E697C}.Release|x64.Build.0 = Release|Any CPU
		{E287DFAB-1682-4FB3-BCA3-E689F7F8CB11}.Debug|Any CPU.ActiveCfg = Debug|Any CPU
		{E287DFAB-1682-4FB3-BCA3-E689F7F8CB11}.Debug|Any CPU.Build.0 = Debug|Any CPU
		{E287DFAB-1682-4FB3-BCA3-E689F7F8CB11}.Debug|x64.ActiveCfg = Debug|Any CPU
		{E287DFAB-1682-4FB3-BCA3-E689F7F8CB11}.Debug|x64.Build.0 = Debug|Any CPU
		{E287DFAB-1682-4FB3-BCA3-E689F7F8CB11}.Release|Any CPU.ActiveCfg = Release|Any CPU
		{E287DFAB-1682-4FB3-BCA3-E689F7F8CB11}.Release|Any CPU.Build.0 = Release|Any CPU
		{E287DFAB-1682-4FB3-BCA3-E689F7F8CB11}.Release|x64.ActiveCfg = Release|Any CPU
		{E287DFAB-1682-4FB3-BCA3-E689F7F8CB11}.Release|x64.Build.0 = Release|Any CPU
		{FAF31669-7169-41F6-AF4A-9BAE7F631348}.Debug|Any CPU.ActiveCfg = Debug|Any CPU
		{FAF31669-7169-41F6-AF4A-9BAE7F631348}.Debug|Any CPU.Build.0 = Debug|Any CPU
		{FAF31669-7169-41F6-AF4A-9BAE7F631348}.Debug|x64.ActiveCfg = Debug|Any CPU
		{FAF31669-7169-41F6-AF4A-9BAE7F631348}.Debug|x64.Build.0 = Debug|Any CPU
		{FAF31669-7169-41F6-AF4A-9BAE7F631348}.Release|Any CPU.ActiveCfg = Release|Any CPU
		{FAF31669-7169-41F6-AF4A-9BAE7F631348}.Release|Any CPU.Build.0 = Release|Any CPU
		{FAF31669-7169-41F6-AF4A-9BAE7F631348}.Release|x64.ActiveCfg = Release|Any CPU
		{FAF31669-7169-41F6-AF4A-9BAE7F631348}.Release|x64.Build.0 = Release|Any CPU
	EndGlobalSection
	GlobalSection(SolutionProperties) = preSolution
		HideSolutionNode = FALSE
	EndGlobalSection
	GlobalSection(ExtensibilityGlobals) = postSolution
		SolutionGuid = {7CFED587-DE8A-4C8C-BF8A-B6CDAE2D006F}
	EndGlobalSection
EndGlobal
